// !$*UTF8*$!
{
	archiveVersion = 1;
	classes = {
	};
	objectVersion = 50;
	objects = {

/* Begin PBXBuildFile section */
		28E76F5524117243008B101F /* AppDelegate.swift in Sources */ = {isa = PBXBuildFile; fileRef = 28E76F5424117243008B101F /* AppDelegate.swift */; };
		28E76F5724117243008B101F /* SceneDelegate.swift in Sources */ = {isa = PBXBuildFile; fileRef = 28E76F5624117243008B101F /* SceneDelegate.swift */; };
		28E76F5C24117243008B101F /* Main.storyboard in Resources */ = {isa = PBXBuildFile; fileRef = 28E76F5A24117243008B101F /* Main.storyboard */; };
		28E76F5F24117243008B101F /* ToDude.xcdatamodeld in Sources */ = {isa = PBXBuildFile; fileRef = 28E76F5D24117243008B101F /* ToDude.xcdatamodeld */; };
		28E76F6124117244008B101F /* Assets.xcassets in Resources */ = {isa = PBXBuildFile; fileRef = 28E76F6024117244008B101F /* Assets.xcassets */; };
		28E76F6424117244008B101F /* LaunchScreen.storyboard in Resources */ = {isa = PBXBuildFile; fileRef = 28E76F6224117244008B101F /* LaunchScreen.storyboard */; };
		28E76F6C24117596008B101F /* itemListViewController.swift in Sources */ = {isa = PBXBuildFile; fileRef = 28E76F6B24117596008B101F /* itemListViewController.swift */; };
		EAE2DD2D0A21F2C2235AEBCA /* Pods_ToDude.framework in Frameworks */ = {isa = PBXBuildFile; fileRef = B39470AB2FB7C80D675280EA /* Pods_ToDude.framework */; };
/* End PBXBuildFile section */

/* Begin PBXFileReference section */
		1678C578D6AF2DABC166AACA /* Pods-ToDude.release.xcconfig */ = {isa = PBXFileReference; includeInIndex = 1; lastKnownFileType = text.xcconfig; name = "Pods-ToDude.release.xcconfig"; path = "Target Support Files/Pods-ToDude/Pods-ToDude.release.xcconfig"; sourceTree = "<group>"; };
		16BDD05AF50A76F400C0A1D9 /* Pods-ToDude.debug.xcconfig */ = {isa = PBXFileReference; includeInIndex = 1; lastKnownFileType = text.xcconfig; name = "Pods-ToDude.debug.xcconfig"; path = "Target Support Files/Pods-ToDude/Pods-ToDude.debug.xcconfig"; sourceTree = "<group>"; };
		28E76F5124117243008B101F /* ToDude.app */ = {isa = PBXFileReference; explicitFileType = wrapper.application; includeInIndex = 0; path = ToDude.app; sourceTree = BUILT_PRODUCTS_DIR; };
		28E76F5424117243008B101F /* AppDelegate.swift */ = {isa = PBXFileReference; lastKnownFileType = sourcecode.swift; path = AppDelegate.swift; sourceTree = "<group>"; };
		28E76F5624117243008B101F /* SceneDelegate.swift */ = {isa = PBXFileReference; lastKnownFileType = sourcecode.swift; path = SceneDelegate.swift; sourceTree = "<group>"; };
		28E76F5B24117243008B101F /* Base */ = {isa = PBXFileReference; lastKnownFileType = file.storyboard; name = Base; path = Base.lproj/Main.storyboard; sourceTree = "<group>"; };
		28E76F5E24117243008B101F /* ToDude.xcdatamodel */ = {isa = PBXFileReference; lastKnownFileType = wrapper.xcdatamodel; path = ToDude.xcdatamodel; sourceTree = "<group>"; };
		28E76F6024117244008B101F /* Assets.xcassets */ = {isa = PBXFileReference; lastKnownFileType = folder.assetcatalog; path = Assets.xcassets; sourceTree = "<group>"; };
		28E76F6324117244008B101F /* Base */ = {isa = PBXFileReference; lastKnownFileType = file.storyboard; name = Base; path = Base.lproj/LaunchScreen.storyboard; sourceTree = "<group>"; };
		28E76F6524117244008B101F /* Info.plist */ = {isa = PBXFileReference; lastKnownFileType = text.plist.xml; path = Info.plist; sourceTree = "<group>"; };
		28E76F6B24117596008B101F /* itemListViewController.swift */ = {isa = PBXFileReference; lastKnownFileType = sourcecode.swift; path = itemListViewController.swift; sourceTree = "<group>"; };
		B39470AB2FB7C80D675280EA /* Pods_ToDude.framework */ = {isa = PBXFileReference; explicitFileType = wrapper.framework; includeInIndex = 0; path = Pods_ToDude.framework; sourceTree = BUILT_PRODUCTS_DIR; };
/* End PBXFileReference section */

/* Begin PBXFrameworksBuildPhase section */
		28E76F4E24117243008B101F /* Frameworks */ = {
			isa = PBXFrameworksBuildPhase;
			buildActionMask = 2147483647;
			files = (
				EAE2DD2D0A21F2C2235AEBCA /* Pods_ToDude.framework in Frameworks */,
			);
			runOnlyForDeploymentPostprocessing = 0;
		};
/* End PBXFrameworksBuildPhase section */

/* Begin PBXGroup section */
		28E76F4824117243008B101F = {
			isa = PBXGroup;
			children = (
				28E76F5324117243008B101F /* ToDude */,
				28E76F5224117243008B101F /* Products */,
				CC0038B49E415179E8567B40 /* Pods */,
				944ED194114E8A4D79606BF8 /* Frameworks */,
			);
			sourceTree = "<group>";
		};
		28E76F5224117243008B101F /* Products */ = {
			isa = PBXGroup;
			children = (
				28E76F5124117243008B101F /* ToDude.app */,
			);
			name = Products;
			sourceTree = "<group>";
		};
		28E76F5324117243008B101F /* ToDude */ = {
			isa = PBXGroup;
			children = (
				28E76F5424117243008B101F /* AppDelegate.swift */,
				28E76F5624117243008B101F /* SceneDelegate.swift */,
				28E76F5A24117243008B101F /* Main.storyboard */,
				28E76F6024117244008B101F /* Assets.xcassets */,
				28E76F6224117244008B101F /* LaunchScreen.storyboard */,
				28E76F6524117244008B101F /* Info.plist */,
				28E76F5D24117243008B101F /* ToDude.xcdatamodeld */,
				28E76F6B24117596008B101F /* itemListViewController.swift */,
			);
			path = ToDude;
			sourceTree = "<group>";
		};
		944ED194114E8A4D79606BF8 /* Frameworks */ = {
			isa = PBXGroup;
			children = (
				B39470AB2FB7C80D675280EA /* Pods_ToDude.framework */,
			);
			name = Frameworks;
			sourceTree = "<group>";
		};
		CC0038B49E415179E8567B40 /* Pods */ = {
			isa = PBXGroup;
			children = (
				16BDD05AF50A76F400C0A1D9 /* Pods-ToDude.debug.xcconfig */,
				1678C578D6AF2DABC166AACA /* Pods-ToDude.release.xcconfig */,
			);
			name = Pods;
			path = Pods;
			sourceTree = "<group>";
		};
/* End PBXGroup section */

/* Begin PBXNativeTarget section */
		28E76F5024117243008B101F /* ToDude */ = {
			isa = PBXNativeTarget;
			buildConfigurationList = 28E76F6824117244008B101F /* Build configuration list for PBXNativeTarget "ToDude" */;
			buildPhases = (
				3D593FB7319F575F79A7830B /* [CP] Check Pods Manifest.lock */,
				28E76F4D24117243008B101F /* Sources */,
				28E76F4E24117243008B101F /* Frameworks */,
				28E76F4F24117243008B101F /* Resources */,
				3272AEA9FB0D99D72E67DD6D /* [CP] Embed Pods Frameworks */,
			);
			buildRules = (
			);
			dependencies = (
			);
			name = ToDude;
			productName = ToDude;
			productReference = 28E76F5124117243008B101F /* ToDude.app */;
			productType = "com.apple.product-type.application";
		};
/* End PBXNativeTarget section */

/* Begin PBXProject section */
		28E76F4924117243008B101F /* Project object */ = {
			isa = PBXProject;
			attributes = {
				LastSwiftUpdateCheck = 1130;
				LastUpgradeCheck = 1130;
				ORGANIZATIONNAME = "Ming Wang";
				TargetAttributes = {
					28E76F5024117243008B101F = {
						CreatedOnToolsVersion = 11.3.1;
					};
				};
			};
			buildConfigurationList = 28E76F4C24117243008B101F /* Build configuration list for PBXProject "ToDude" */;
			compatibilityVersion = "Xcode 9.3";
			developmentRegion = en;
			hasScannedForEncodings = 0;
			knownRegions = (
				en,
				Base,
			);
			mainGroup = 28E76F4824117243008B101F;
			productRefGroup = 28E76F5224117243008B101F /* Products */;
			projectDirPath = "";
			projectRoot = "";
			targets = (
				28E76F5024117243008B101F /* ToDude */,
			);
		};
/* End PBXProject section */

/* Begin PBXResourcesBuildPhase section */
		28E76F4F24117243008B101F /* Resources */ = {
			isa = PBXResourcesBuildPhase;
			buildActionMask = 2147483647;
			files = (
				28E76F6424117244008B101F /* LaunchScreen.storyboard in Resources */,
				28E76F6124117244008B101F /* Assets.xcassets in Resources */,
				28E76F5C24117243008B101F /* Main.storyboard in Resources */,
			);
			runOnlyForDeploymentPostprocessing = 0;
		};
/* End PBXResourcesBuildPhase section */

/* Begin PBXShellScriptBuildPhase section */
		3272AEA9FB0D99D72E67DD6D /* [CP] Embed Pods Frameworks */ = {
			isa = PBXShellScriptBuildPhase;
			buildActionMask = 2147483647;
			files = (
			);
			inputFileListPaths = (
				"${PODS_ROOT}/Target Support Files/Pods-ToDude/Pods-ToDude-frameworks-${CONFIGURATION}-input-files.xcfilelist",
			);
			name = "[CP] Embed Pods Frameworks";
			outputFileListPaths = (
				"${PODS_ROOT}/Target Support Files/Pods-ToDude/Pods-ToDude-frameworks-${CONFIGURATION}-output-files.xcfilelist",
			);
			runOnlyForDeploymentPostprocessing = 0;
			shellPath = /bin/sh;
			shellScript = "\"${PODS_ROOT}/Target Support Files/Pods-ToDude/Pods-ToDude-frameworks.sh\"\n";
			showEnvVarsInLog = 0;
		};
		3D593FB7319F575F79A7830B /* [CP] Check Pods Manifest.lock */ = {
			isa = PBXShellScriptBuildPhase;
			buildActionMask = 2147483647;
			files = (
			);
			inputFileListPaths = (
			);
			inputPaths = (
				"${PODS_PODFILE_DIR_PATH}/Podfile.lock",
				"${PODS_ROOT}/Manifest.lock",
			);
			name = "[CP] Check Pods Manifest.lock";
			outputFileListPaths = (
			);
			outputPaths = (
				"$(DERIVED_FILE_DIR)/Pods-ToDude-checkManifestLockResult.txt",
			);
			runOnlyForDeploymentPostprocessing = 0;
			shellPath = /bin/sh;
			shellScript = "diff \"${PODS_PODFILE_DIR_PATH}/Podfile.lock\" \"${PODS_ROOT}/Manifest.lock\" > /dev/null\nif [ $? != 0 ] ; then\n    # print error to STDERR\n    echo \"error: The sandbox is not in sync with the Podfile.lock. Run 'pod install' or update your CocoaPods installation.\" >&2\n    exit 1\nfi\n# This output is used by Xcode 'outputs' to avoid re-running this script phase.\necho \"SUCCESS\" > \"${SCRIPT_OUTPUT_FILE_0}\"\n";
			showEnvVarsInLog = 0;
		};
/* End PBXShellScriptBuildPhase section */

/* Begin PBXSourcesBuildPhase section */
		28E76F4D24117243008B101F /* Sources */ = {
			isa = PBXSourcesBuildPhase;
			buildActionMask = 2147483647;
			files = (
				28E76F5F24117243008B101F /* ToDude.xcdatamodeld in Sources */,
				28E76F6C24117596008B101F /* itemListViewController.swift in Sources */,
				28E76F5524117243008B101F /* AppDelegate.swift in Sources */,
				28E76F5724117243008B101F /* SceneDelegate.swift in Sources */,
			);
			runOnlyForDeploymentPostprocessing = 0;
		};
/* End PBXSourcesBuildPhase section */

/* Begin PBXVariantGroup section */
		28E76F5A24117243008B101F /* Main.storyboard */ = {
			isa = PBXVariantGroup;
			children = (
				28E76F5B24117243008B101F /* Base */,
			);
			name = Main.storyboard;
			sourceTree = "<group>";
		};
		28E76F6224117244008B101F /* LaunchScreen.storyboard */ = {
			isa = PBXVariantGroup;
			children = (
				28E76F6324117244008B101F /* Base */,
			);
			name = LaunchScreen.storyboard;
			sourceTree = "<group>";
		};
/* End PBXVariantGroup section */

/* Begin XCBuildConfiguration section */
		28E76F6624117244008B101F /* Debug */ = {
			isa = XCBuildConfiguration;
			buildSettings = {
				ALWAYS_SEARCH_USER_PATHS = NO;
				CLANG_ANALYZER_NONNULL = YES;
				CLANG_ANALYZER_NUMBER_OBJECT_CONVERSION = YES_AGGRESSIVE;
				CLANG_CXX_LANGUAGE_STANDARD = "gnu++14";
				CLANG_CXX_LIBRARY = "libc++";
				CLANG_ENABLE_MODULES = YES;
				CLANG_ENABLE_OBJC_ARC = YES;
				CLANG_ENABLE_OBJC_WEAK = YES;
				CLANG_WARN_BLOCK_CAPTURE_AUTORELEASING = YES;
				CLANG_WARN_BOOL_CONVERSION = YES;
				CLANG_WARN_COMMA = YES;
				CLANG_WARN_CONSTANT_CONVERSION = YES;
				CLANG_WARN_DEPRECATED_OBJC_IMPLEMENTATIONS = YES;
				CLANG_WARN_DIRECT_OBJC_ISA_USAGE = YES_ERROR;
				CLANG_WARN_DOCUMENTATION_COMMENTS = YES;
				CLANG_WARN_EMPTY_BODY = YES;
				CLANG_WARN_ENUM_CONVERSION = YES;
				CLANG_WARN_INFINITE_RECURSION = YES;
				CLANG_WARN_INT_CONVERSION = YES;
				CLANG_WARN_NON_LITERAL_NULL_CONVERSION = YES;
				CLANG_WARN_OBJC_IMPLICIT_RETAIN_SELF = YES;
				CLANG_WARN_OBJC_LITERAL_CONVERSION = YES;
				CLANG_WARN_OBJC_ROOT_CLASS = YES_ERROR;
				CLANG_WARN_RANGE_LOOP_ANALYSIS = YES;
				CLANG_WARN_STRICT_PROTOTYPES = YES;
				CLANG_WARN_SUSPICIOUS_MOVE = YES;
				CLANG_WARN_UNGUARDED_AVAILABILITY = YES_AGGRESSIVE;
				CLANG_WARN_UNREACHABLE_CODE = YES;
				CLANG_WARN__DUPLICATE_METHOD_MATCH = YES;
				COPY_PHASE_STRIP = NO;
				DEBUG_INFORMATION_FORMAT = dwarf;
				ENABLE_STRICT_OBJC_MSGSEND = YES;
				ENABLE_TESTABILITY = YES;
				GCC_C_LANGUAGE_STANDARD = gnu11;
				GCC_DYNAMIC_NO_PIC = NO;
				GCC_NO_COMMON_BLOCKS = YES;
				GCC_OPTIMIZATION_LEVEL = 0;
				GCC_PREPROCESSOR_DEFINITIONS = (
					"DEBUG=1",
					"$(inherited)",
				);
				GCC_WARN_64_TO_32_BIT_CONVERSION = YES;
				GCC_WARN_ABOUT_RETURN_TYPE = YES_ERROR;
				GCC_WARN_UNDECLARED_SELECTOR = YES;
				GCC_WARN_UNINITIALIZED_AUTOS = YES_AGGRESSIVE;
				GCC_WARN_UNUSED_FUNCTION = YES;
				GCC_WARN_UNUSED_VARIABLE = YES;
				IPHONEOS_DEPLOYMENT_TARGET = 13.2;
				MTL_ENABLE_DEBUG_INFO = INCLUDE_SOURCE;
				MTL_FAST_MATH = YES;
				ONLY_ACTIVE_ARCH = YES;
				SDKROOT = iphoneos;
				SWIFT_ACTIVE_COMPILATION_CONDITIONS = DEBUG;
				SWIFT_OPTIMIZATION_LEVEL = "-Onone";
			};
			name = Debug;
		};
		28E76F6724117244008B101F /* Release */ = {
			isa = XCBuildConfiguration;
			buildSettings = {
				ALWAYS_SEARCH_USER_PATHS = NO;
				CLANG_ANALYZER_NONNULL = YES;
				CLANG_ANALYZER_NUMBER_OBJECT_CONVERSION = YES_AGGRESSIVE;
				CLANG_CXX_LANGUAGE_STANDARD = "gnu++14";
				CLANG_CXX_LIBRARY = "libc++";
				CLANG_ENABLE_MODULES = YES;
				CLANG_ENABLE_OBJC_ARC = YES;
				CLANG_ENABLE_OBJC_WEAK = YES;
				CLANG_WARN_BLOCK_CAPTURE_AUTORELEASING = YES;
				CLANG_WARN_BOOL_CONVERSION = YES;
				CLANG_WARN_COMMA = YES;
				CLANG_WARN_CONSTANT_CONVERSION = YES;
				CLANG_WARN_DEPRECATED_OBJC_IMPLEMENTATIONS = YES;
				CLANG_WARN_DIRECT_OBJC_ISA_USAGE = YES_ERROR;
				CLANG_WARN_DOCUMENTATION_COMMENTS = YES;
				CLANG_WARN_EMPTY_BODY = YES;
				CLANG_WARN_ENUM_CONVERSION = YES;
				CLANG_WARN_INFINITE_RECURSION = YES;
				CLANG_WARN_INT_CONVERSION = YES;
				CLANG_WARN_NON_LITERAL_NULL_CONVERSION = YES;
				CLANG_WARN_OBJC_IMPLICIT_RETAIN_SELF = YES;
				CLANG_WARN_OBJC_LITERAL_CONVERSION = YES;
				CLANG_WARN_OBJC_ROOT_CLASS = YES_ERROR;
				CLANG_WARN_RANGE_LOOP_ANALYSIS = YES;
				CLANG_WARN_STRICT_PROTOTYPES = YES;
				CLANG_WARN_SUSPICIOUS_MOVE = YES;
				CLANG_WARN_UNGUARDED_AVAILABILITY = YES_AGGRESSIVE;
				CLANG_WARN_UNREACHABLE_CODE = YES;
				CLANG_WARN__DUPLICATE_METHOD_MATCH = YES;
				COPY_PHASE_STRIP = NO;
				DEBUG_INFORMATION_FORMAT = "dwarf-with-dsym";
				ENABLE_NS_ASSERTIONS = NO;
				ENABLE_STRICT_OBJC_MSGSEND = YES;
				GCC_C_LANGUAGE_STANDARD = gnu11;
				GCC_NO_COMMON_BLOCKS = YES;
				GCC_WARN_64_TO_32_BIT_CONVERSION = YES;
				GCC_WARN_ABOUT_RETURN_TYPE = YES_ERROR;
				GCC_WARN_UNDECLARED_SELECTOR = YES;
				GCC_WARN_UNINITIALIZED_AUTOS = YES_AGGRESSIVE;
				GCC_WARN_UNUSED_FUNCTION = YES;
				GCC_WARN_UNUSED_VARIABLE = YES;
				IPHONEOS_DEPLOYMENT_TARGET = 13.2;
				MTL_ENABLE_DEBUG_INFO = NO;
				MTL_FAST_MATH = YES;
				SDKROOT = iphoneos;
				SWIFT_COMPILATION_MODE = wholemodule;
				SWIFT_OPTIMIZATION_LEVEL = "-O";
				VALIDATE_PRODUCT = YES;
			};
			name = Release;
		};
		28E76F6924117244008B101F /* Debug */ = {
			isa = XCBuildConfiguration;
			baseConfigurationReference = 16BDD05AF50A76F400C0A1D9 /* Pods-ToDude.debug.xcconfig */;
			buildSettings = {
				ASSETCATALOG_COMPILER_APPICON_NAME = AppIcon;
				CODE_SIGN_STYLE = Automatic;
				INFOPLIST_FILE = ToDude/Info.plist;
				LD_RUNPATH_SEARCH_PATHS = (
					"$(inherited)",
					"@executable_path/Frameworks",
				);
				PRODUCT_BUNDLE_IDENTIFIER = x.ToDude;
				PRODUCT_NAME = "$(TARGET_NAME)";
				SWIFT_VERSION = 5.0;
				TARGETED_DEVICE_FAMILY = "1,2";
			};
			name = Debug;
		};
		28E76F6A24117244008B101F /* Release */ = {
			isa = XCBuildConfiguration;
			baseConfigurationReference = 1678C578D6AF2DABC166AACA /* Pods-ToDude.release.xcconfig */;
			buildSettings = {
				ASSETCATALOG_COMPILER_APPICON_NAME = AppIcon;
				CODE_SIGN_STYLE = Automatic;
				INFOPLIST_FILE = ToDude/Info.plist;
				LD_RUNPATH_SEARCH_PATHS = (
					"$(inherited)",
					"@executable_path/Frameworks",
				);
				PRODUCT_BUNDLE_IDENTIFIER = x.ToDude;
				PRODUCT_NAME = "$(TARGET_NAME)";
				SWIFT_VERSION = 5.0;
				TARGETED_DEVICE_FAMILY = "1,2";
			};
			name = Release;
		};
/* End XCBuildConfiguration section */

/* Begin XCConfigurationList section */
		28E76F4C24117243008B101F /* Build configuration list for PBXProject "ToDude" */ = {
			isa = XCConfigurationList;
			buildConfigurations = (
				28E76F6624117244008B101F /* Debug */,
				28E76F6724117244008B101F /* Release */,
			);
			defaultConfigurationIsVisible = 0;
			defaultConfigurationName = Release;
		};
		28E76F6824117244008B101F /* Build configuration list for PBXNativeTarget "ToDude" */ = {
			isa = XCConfigurationList;
			buildConfigurations = (
				28E76F6924117244008B101F /* Debug */,
				28E76F6A24117244008B101F /* Release */,
			);
			defaultConfigurationIsVisible = 0;
			defaultConfigurationName = Release;
		};
/* End XCConfigurationList section */

/* Begin XCVersionGroup section */
		28E76F5D24117243008B101F /* ToDude.xcdatamodeld */ = {
			isa = XCVersionGroup;
			children = (
				28E76F5E24117243008B101F /* ToDude.xcdatamodel */,
			);
			currentVersion = 28E76F5E24117243008B101F /* ToDude.xcdatamodel */;
			path = ToDude.xcdatamodeld;
			sourceTree = "<group>";
			versionGroupType = wrapper.xcdatamodel;
		};
/* End XCVersionGroup section */
	};
	rootObject = 28E76F4924117243008B101F /* Project object */;
}
